// !$*UTF8*$!
{
	archiveVersion = 1;
	classes = {
	};
	objectVersion = 56;
	objects = {

/* Begin PBXBuildFile section */
		D00396FD2B18212A00BAE2E8 /* VideoView.swift in Sources */ = {isa = PBXBuildFile; fileRef = D00396FC2B18212A00BAE2E8 /* VideoView.swift */; };
		D00396FF2B18214700BAE2E8 /* PracticeView.swift in Sources */ = {isa = PBXBuildFile; fileRef = D00396FE2B18214700BAE2E8 /* PracticeView.swift */; };
		D00397012B1BB04100BAE2E8 /* UnitView.swift in Sources */ = {isa = PBXBuildFile; fileRef = D00397002B1BB04100BAE2E8 /* UnitView.swift */; };
		D024E4CF2B1F083D00CFEA87 /* HomeView.swift in Sources */ = {isa = PBXBuildFile; fileRef = D024E4CE2B1F083D00CFEA87 /* HomeView.swift */; };
		D024E4D12B21580200CFEA87 /* test.swift in Sources */ = {isa = PBXBuildFile; fileRef = D024E4D02B21580200CFEA87 /* test.swift */; };
		D048DC462B3F50D8004ABC17 /* WebScraperService.swift in Sources */ = {isa = PBXBuildFile; fileRef = D048DC452B3F50D8004ABC17 /* WebScraperService.swift */; };
		D048DC482B3F512E004ABC17 /* Extensions.swift in Sources */ = {isa = PBXBuildFile; fileRef = D048DC472B3F512E004ABC17 /* Extensions.swift */; };
		D048DC4A2B3FAD48004ABC17 /* CommentView.swift in Sources */ = {isa = PBXBuildFile; fileRef = D048DC492B3FAD48004ABC17 /* CommentView.swift */; };
		D04B0C022B15C2E40080965E /* EnvisionTechApp.swift in Sources */ = {isa = PBXBuildFile; fileRef = D04B0C012B15C2E40080965E /* EnvisionTechApp.swift */; };
		D04B0C042B15C2E40080965E /* ContentView.swift in Sources */ = {isa = PBXBuildFile; fileRef = D04B0C032B15C2E40080965E /* ContentView.swift */; };
		D04B0C062B15C2E60080965E /* Assets.xcassets in Resources */ = {isa = PBXBuildFile; fileRef = D04B0C052B15C2E60080965E /* Assets.xcassets */; };
		D04B0C092B15C2E60080965E /* Preview Assets.xcassets in Resources */ = {isa = PBXBuildFile; fileRef = D04B0C082B15C2E60080965E /* Preview Assets.xcassets */; };
		D0E199442B2D564E00DA5BBD /* SettingsView.swift in Sources */ = {isa = PBXBuildFile; fileRef = D0E199432B2D564E00DA5BBD /* SettingsView.swift */; };
		D0E199462B2FB88400DA5BBD /* BlogView.swift in Sources */ = {isa = PBXBuildFile; fileRef = D0E199452B2FB88300DA5BBD /* BlogView.swift */; };
/* End PBXBuildFile section */

/* Begin PBXFileReference section */
		D00396FC2B18212A00BAE2E8 /* VideoView.swift */ = {isa = PBXFileReference; lastKnownFileType = sourcecode.swift; path = VideoView.swift; sourceTree = "<group>"; };
		D00396FE2B18214700BAE2E8 /* PracticeView.swift */ = {isa = PBXFileReference; lastKnownFileType = sourcecode.swift; path = PracticeView.swift; sourceTree = "<group>"; };
		D00397002B1BB04100BAE2E8 /* UnitView.swift */ = {isa = PBXFileReference; lastKnownFileType = sourcecode.swift; path = UnitView.swift; sourceTree = "<group>"; };
		D024E4CE2B1F083D00CFEA87 /* HomeView.swift */ = {isa = PBXFileReference; lastKnownFileType = sourcecode.swift; path = HomeView.swift; sourceTree = "<group>"; };
		D024E4D02B21580200CFEA87 /* test.swift */ = {isa = PBXFileReference; lastKnownFileType = sourcecode.swift; path = test.swift; sourceTree = "<group>"; };
		D048DC452B3F50D8004ABC17 /* WebScraperService.swift */ = {isa = PBXFileReference; lastKnownFileType = sourcecode.swift; path = WebScraperService.swift; sourceTree = "<group>"; };
		D048DC472B3F512E004ABC17 /* Extensions.swift */ = {isa = PBXFileReference; lastKnownFileType = sourcecode.swift; path = Extensions.swift; sourceTree = "<group>"; };
		D048DC492B3FAD48004ABC17 /* CommentView.swift */ = {isa = PBXFileReference; lastKnownFileType = sourcecode.swift; path = CommentView.swift; sourceTree = "<group>"; };
		D04B0BFE2B15C2E40080965E /* EnvisionTech.app */ = {isa = PBXFileReference; explicitFileType = wrapper.application; includeInIndex = 0; path = EnvisionTech.app; sourceTree = BUILT_PRODUCTS_DIR; };
		D04B0C012B15C2E40080965E /* EnvisionTechApp.swift */ = {isa = PBXFileReference; lastKnownFileType = sourcecode.swift; path = EnvisionTechApp.swift; sourceTree = "<group>"; };
		D04B0C032B15C2E40080965E /* ContentView.swift */ = {isa = PBXFileReference; lastKnownFileType = sourcecode.swift; path = ContentView.swift; sourceTree = "<group>"; };
		D04B0C052B15C2E60080965E /* Assets.xcassets */ = {isa = PBXFileReference; lastKnownFileType = folder.assetcatalog; path = Assets.xcassets; sourceTree = "<group>"; };
		D04B0C082B15C2E60080965E /* Preview Assets.xcassets */ = {isa = PBXFileReference; lastKnownFileType = folder.assetcatalog; path = "Preview Assets.xcassets"; sourceTree = "<group>"; };
		D0E199432B2D564E00DA5BBD /* SettingsView.swift */ = {isa = PBXFileReference; lastKnownFileType = sourcecode.swift; path = SettingsView.swift; sourceTree = "<group>"; };
		D0E199452B2FB88300DA5BBD /* BlogView.swift */ = {isa = PBXFileReference; lastKnownFileType = sourcecode.swift; path = BlogView.swift; sourceTree = "<group>"; };
/* End PBXFileReference section */

/* Begin PBXFrameworksBuildPhase section */
		D04B0BFB2B15C2E40080965E /* Frameworks */ = {
			isa = PBXFrameworksBuildPhase;
			buildActionMask = 2147483647;
			files = (
			);
			runOnlyForDeploymentPostprocessing = 0;
		};
/* End PBXFrameworksBuildPhase section */

/* Begin PBXGroup section */
		D04B0BF52B15C2E30080965E = {
			isa = PBXGroup;
			children = (
				D04B0C002B15C2E40080965E /* EnvisionTech */,
				D04B0BFF2B15C2E40080965E /* Products */,
			);
			sourceTree = "<group>";
		};
		D04B0BFF2B15C2E40080965E /* Products */ = {
			isa = PBXGroup;
			children = (
				D04B0BFE2B15C2E40080965E /* EnvisionTech.app */,
			);
			name = Products;
			sourceTree = "<group>";
		};
		D04B0C002B15C2E40080965E /* EnvisionTech */ = {
			isa = PBXGroup;
			children = (
				D00396FC2B18212A00BAE2E8 /* VideoView.swift */,
				D04B0C012B15C2E40080965E /* EnvisionTechApp.swift */,
				D04B0C032B15C2E40080965E /* ContentView.swift */,
				D04B0C052B15C2E60080965E /* Assets.xcassets */,
				D04B0C072B15C2E60080965E /* Preview Content */,
				D00396FE2B18214700BAE2E8 /* PracticeView.swift */,
				D00397002B1BB04100BAE2E8 /* UnitView.swift */,
				D024E4CE2B1F083D00CFEA87 /* HomeView.swift */,
				D024E4D02B21580200CFEA87 /* test.swift */,
				D0E199432B2D564E00DA5BBD /* SettingsView.swift */,
				D0E199452B2FB88300DA5BBD /* BlogView.swift */,
				D048DC452B3F50D8004ABC17 /* WebScraperService.swift */,
				D048DC472B3F512E004ABC17 /* Extensions.swift */,
				D048DC492B3FAD48004ABC17 /* CommentView.swift */,
			);
			path = EnvisionTech;
			sourceTree = "<group>";
		};
		D04B0C072B15C2E60080965E /* Preview Content */ = {
			isa = PBXGroup;
			children = (
				D04B0C082B15C2E60080965E /* Preview Assets.xcassets */,
			);
			path = "Preview Content";
			sourceTree = "<group>";
		};
/* End PBXGroup section */

/* Begin PBXNativeTarget section */
		D04B0BFD2B15C2E40080965E /* EnvisionTech */ = {
			isa = PBXNativeTarget;
			buildConfigurationList = D04B0C0C2B15C2E60080965E /* Build configuration list for PBXNativeTarget "EnvisionTech" */;
			buildPhases = (
				D04B0BFA2B15C2E40080965E /* Sources */,
				D04B0BFB2B15C2E40080965E /* Frameworks */,
				D04B0BFC2B15C2E40080965E /* Resources */,
			);
			buildRules = (
			);
			dependencies = (
			);
			name = EnvisionTech;
			productName = EnvisionTech;
			productReference = D04B0BFE2B15C2E40080965E /* EnvisionTech.app */;
			productType = "com.apple.product-type.application";
		};
/* End PBXNativeTarget section */

/* Begin PBXProject section */
		D04B0BF62B15C2E30080965E /* Project object */ = {
			isa = PBXProject;
			attributes = {
				BuildIndependentTargetsInParallel = 1;
				LastSwiftUpdateCheck = 1500;
				LastUpgradeCheck = 1500;
				TargetAttributes = {
					D04B0BFD2B15C2E40080965E = {
						CreatedOnToolsVersion = 15.0.1;
					};
				};
			};
			buildConfigurationList = D04B0BF92B15C2E40080965E /* Build configuration list for PBXProject "EnvisionTech" */;
			compatibilityVersion = "Xcode 14.0";
			developmentRegion = en;
			hasScannedForEncodings = 0;
			knownRegions = (
				en,
				Base,
			);
			mainGroup = D04B0BF52B15C2E30080965E;
			productRefGroup = D04B0BFF2B15C2E40080965E /* Products */;
			projectDirPath = "";
			projectRoot = "";
			targets = (
				D04B0BFD2B15C2E40080965E /* EnvisionTech */,
			);
		};
/* End PBXProject section */

/* Begin PBXResourcesBuildPhase section */
		D04B0BFC2B15C2E40080965E /* Resources */ = {
			isa = PBXResourcesBuildPhase;
			buildActionMask = 2147483647;
			files = (
				D04B0C092B15C2E60080965E /* Preview Assets.xcassets in Resources */,
				D04B0C062B15C2E60080965E /* Assets.xcassets in Resources */,
			);
			runOnlyForDeploymentPostprocessing = 0;
		};
/* End PBXResourcesBuildPhase section */

/* Begin PBXSourcesBuildPhase section */
		D04B0BFA2B15C2E40080965E /* Sources */ = {
			isa = PBXSourcesBuildPhase;
			buildActionMask = 2147483647;
			files = (
				D00396FD2B18212A00BAE2E8 /* VideoView.swift in Sources */,
				D0E199442B2D564E00DA5BBD /* SettingsView.swift in Sources */,
				D04B0C042B15C2E40080965E /* ContentView.swift in Sources */,
				D00397012B1BB04100BAE2E8 /* UnitView.swift in Sources */,
				D024E4CF2B1F083D00CFEA87 /* HomeView.swift in Sources */,
				D048DC462B3F50D8004ABC17 /* WebScraperService.swift in Sources */,
				D048DC4A2B3FAD48004ABC17 /* CommentView.swift in Sources */,
				D04B0C022B15C2E40080965E /* EnvisionTechApp.swift in Sources */,
				D00396FF2B18214700BAE2E8 /* PracticeView.swift in Sources */,
				D0E199462B2FB88400DA5BBD /* BlogView.swift in Sources */,
				D048DC482B3F512E004ABC17 /* Extensions.swift in Sources */,
				D024E4D12B21580200CFEA87 /* test.swift in Sources */,
			);
			runOnlyForDeploymentPostprocessing = 0;
		};
/* End PBXSourcesBuildPhase section */

/* Begin XCBuildConfiguration section */
		D04B0C0A2B15C2E60080965E /* Debug */ = {
			isa = XCBuildConfiguration;
			buildSettings = {
				ALWAYS_SEARCH_USER_PATHS = NO;
				ASSETCATALOG_COMPILER_GENERATE_SWIFT_ASSET_SYMBOL_EXTENSIONS = YES;
				CLANG_ANALYZER_NONNULL = YES;
				CLANG_ANALYZER_NUMBER_OBJECT_CONVERSION = YES_AGGRESSIVE;
				CLANG_CXX_LANGUAGE_STANDARD = "gnu++20";
				CLANG_ENABLE_MODULES = YES;
				CLANG_ENABLE_OBJC_ARC = YES;
				CLANG_ENABLE_OBJC_WEAK = YES;
				CLANG_WARN_BLOCK_CAPTURE_AUTORELEASING = YES;
				CLANG_WARN_BOOL_CONVERSION = YES;
				CLANG_WARN_COMMA = YES;
				CLANG_WARN_CONSTANT_CONVERSION = YES;
				CLANG_WARN_DEPRECATED_OBJC_IMPLEMENTATIONS = YES;
				CLANG_WARN_DIRECT_OBJC_ISA_USAGE = YES_ERROR;
				CLANG_WARN_DOCUMENTATION_COMMENTS = YES;
				CLANG_WARN_EMPTY_BODY = YES;
				CLANG_WARN_ENUM_CONVERSION = YES;
				CLANG_WARN_INFINITE_RECURSION = YES;
				CLANG_WARN_INT_CONVERSION = YES;
				CLANG_WARN_NON_LITERAL_NULL_CONVERSION = YES;
				CLANG_WARN_OBJC_IMPLICIT_RETAIN_SELF = YES;
				CLANG_WARN_OBJC_LITERAL_CONVERSION = YES;
				CLANG_WARN_OBJC_ROOT_CLASS = YES_ERROR;
				CLANG_WARN_QUOTED_INCLUDE_IN_FRAMEWORK_HEADER = YES;
				CLANG_WARN_RANGE_LOOP_ANALYSIS = YES;
				CLANG_WARN_STRICT_PROTOTYPES = YES;
				CLANG_WARN_SUSPICIOUS_MOVE = YES;
				CLANG_WARN_UNGUARDED_AVAILABILITY = YES_AGGRESSIVE;
				CLANG_WARN_UNREACHABLE_CODE = YES;
				CLANG_WARN__DUPLICATE_METHOD_MATCH = YES;
				COPY_PHASE_STRIP = NO;
				DEBUG_INFORMATION_FORMAT = dwarf;
				ENABLE_STRICT_OBJC_MSGSEND = YES;
				ENABLE_TESTABILITY = YES;
				ENABLE_USER_SCRIPT_SANDBOXING = YES;
				GCC_C_LANGUAGE_STANDARD = gnu17;
				GCC_DYNAMIC_NO_PIC = NO;
				GCC_NO_COMMON_BLOCKS = YES;
				GCC_OPTIMIZATION_LEVEL = 0;
				GCC_PREPROCESSOR_DEFINITIONS = (
					"DEBUG=1",
					"$(inherited)",
				);
				GCC_WARN_64_TO_32_BIT_CONVERSION = YES;
				GCC_WARN_ABOUT_RETURN_TYPE = YES_ERROR;
				GCC_WARN_UNDECLARED_SELECTOR = YES;
				GCC_WARN_UNINITIALIZED_AUTOS = YES_AGGRESSIVE;
				GCC_WARN_UNUSED_FUNCTION = YES;
				GCC_WARN_UNUSED_VARIABLE = YES;
				IPHONEOS_DEPLOYMENT_TARGET = 17.0;
				LOCALIZATION_PREFERS_STRING_CATALOGS = YES;
				MTL_ENABLE_DEBUG_INFO = INCLUDE_SOURCE;
				MTL_FAST_MATH = YES;
				ONLY_ACTIVE_ARCH = YES;
				SDKROOT = iphoneos;
				SWIFT_ACTIVE_COMPILATION_CONDITIONS = "DEBUG $(inherited)";
				SWIFT_OPTIMIZATION_LEVEL = "-Onone";
			};
			name = Debug;
		};
		D04B0C0B2B15C2E60080965E /* Release */ = {
			isa = XCBuildConfiguration;
			buildSettings = {
				ALWAYS_SEARCH_USER_PATHS = NO;
				ASSETCATALOG_COMPILER_GENERATE_SWIFT_ASSET_SYMBOL_EXTENSIONS = YES;
				CLANG_ANALYZER_NONNULL = YES;
				CLANG_ANALYZER_NUMBER_OBJECT_CONVERSION = YES_AGGRESSIVE;
				CLANG_CXX_LANGUAGE_STANDARD = "gnu++20";
				CLANG_ENABLE_MODULES = YES;
				CLANG_ENABLE_OBJC_ARC = YES;
				CLANG_ENABLE_OBJC_WEAK = YES;
				CLANG_WARN_BLOCK_CAPTURE_AUTORELEASING = YES;
				CLANG_WARN_BOOL_CONVERSION = YES;
				CLANG_WARN_COMMA = YES;
				CLANG_WARN_CONSTANT_CONVERSION = YES;
				CLANG_WARN_DEPRECATED_OBJC_IMPLEMENTATIONS = YES;
				CLANG_WARN_DIRECT_OBJC_ISA_USAGE = YES_ERROR;
				CLANG_WARN_DOCUMENTATION_COMMENTS = YES;
				CLANG_WARN_EMPTY_BODY = YES;
				CLANG_WARN_ENUM_CONVERSION = YES;
				CLANG_WARN_INFINITE_RECURSION = YES;
				CLANG_WARN_INT_CONVERSION = YES;
				CLANG_WARN_NON_LITERAL_NULL_CONVERSION = YES;
				CLANG_WARN_OBJC_IMPLICIT_RETAIN_SELF = YES;
				CLANG_WARN_OBJC_LITERAL_CONVERSION = YES;
				CLANG_WARN_OBJC_ROOT_CLASS = YES_ERROR;
				CLANG_WARN_QUOTED_INCLUDE_IN_FRAMEWORK_HEADER = YES;
				CLANG_WARN_RANGE_LOOP_ANALYSIS = YES;
				CLANG_WARN_STRICT_PROTOTYPES = YES;
				CLANG_WARN_SUSPICIOUS_MOVE = YES;
				CLANG_WARN_UNGUARDED_AVAILABILITY = YES_AGGRESSIVE;
				CLANG_WARN_UNREACHABLE_CODE = YES;
				CLANG_WARN__DUPLICATE_METHOD_MATCH = YES;
				COPY_PHASE_STRIP = NO;
				DEBUG_INFORMATION_FORMAT = "dwarf-with-dsym";
				ENABLE_NS_ASSERTIONS = NO;
				ENABLE_STRICT_OBJC_MSGSEND = YES;
				ENABLE_USER_SCRIPT_SANDBOXING = YES;
				GCC_C_LANGUAGE_STANDARD = gnu17;
				GCC_NO_COMMON_BLOCKS = YES;
				GCC_WARN_64_TO_32_BIT_CONVERSION = YES;
				GCC_WARN_ABOUT_RETURN_TYPE = YES_ERROR;
				GCC_WARN_UNDECLARED_SELECTOR = YES;
				GCC_WARN_UNINITIALIZED_AUTOS = YES_AGGRESSIVE;
				GCC_WARN_UNUSED_FUNCTION = YES;
				GCC_WARN_UNUSED_VARIABLE = YES;
				IPHONEOS_DEPLOYMENT_TARGET = 17.0;
				LOCALIZATION_PREFERS_STRING_CATALOGS = YES;
				MTL_ENABLE_DEBUG_INFO = NO;
				MTL_FAST_MATH = YES;
				SDKROOT = iphoneos;
				SWIFT_COMPILATION_MODE = wholemodule;
				VALIDATE_PRODUCT = YES;
			};
			name = Release;
		};
		D04B0C0D2B15C2E60080965E /* Debug */ = {
			isa = XCBuildConfiguration;
			buildSettings = {
				ASSETCATALOG_COMPILER_APPICON_NAME = AppIcon;
				ASSETCATALOG_COMPILER_GLOBAL_ACCENT_COLOR_NAME = AccentColor;
				CODE_SIGN_STYLE = Automatic;
				CURRENT_PROJECT_VERSION = 1;
				DEVELOPMENT_ASSET_PATHS = "\"EnvisionTech/Preview Content\"";
				DEVELOPMENT_TEAM = R953WX7K22;
				ENABLE_PREVIEWS = YES;
				GENERATE_INFOPLIST_FILE = YES;
				INFOPLIST_KEY_UIApplicationSceneManifest_Generation = YES;
				INFOPLIST_KEY_UIApplicationSupportsIndirectInputEvents = YES;
				INFOPLIST_KEY_UILaunchScreen_Generation = YES;
				INFOPLIST_KEY_UISupportedInterfaceOrientations_iPad = "UIInterfaceOrientationPortrait UIInterfaceOrientationPortraitUpsideDown UIInterfaceOrientationLandscapeLeft UIInterfaceOrientationLandscapeRight";
				INFOPLIST_KEY_UISupportedInterfaceOrientations_iPhone = "UIInterfaceOrientationPortrait UIInterfaceOrientationLandscapeLeft UIInterfaceOrientationLandscapeRight";
				LD_RUNPATH_SEARCH_PATHS = (
					"$(inherited)",
					"@executable_path/Frameworks",
				);
				MARKETING_VERSION = 1.0;
				PRODUCT_BUNDLE_IDENTIFIER = earningjoker430.EnvisionTech;
				PRODUCT_NAME = "$(TARGET_NAME)";
				SWIFT_EMIT_LOC_STRINGS = YES;
				SWIFT_VERSION = 5.0;
				TARGETED_DEVICE_FAMILY = "1,2";
			};
			name = Debug;
		};
		D04B0C0E2B15C2E60080965E /* Release */ = {
			isa = XCBuildConfiguration;
			buildSettings = {
				ASSETCATALOG_COMPILER_APPICON_NAME = AppIcon;
				ASSETCATALOG_COMPILER_GLOBAL_ACCENT_COLOR_NAME = AccentColor;
				CODE_SIGN_STYLE = Automatic;
				CURRENT_PROJECT_VERSION = 1;
				DEVELOPMENT_ASSET_PATHS = "\"EnvisionTech/Preview Content\"";
				DEVELOPMENT_TEAM = R953WX7K22;
				ENABLE_PREVIEWS = YES;
				GENERATE_INFOPLIST_FILE = YES;
				INFOPLIST_KEY_UIApplicationSceneManifest_Generation = YES;
				INFOPLIST_KEY_UIApplicationSupportsIndirectInputEvents = YES;
				INFOPLIST_KEY_UILaunchScreen_Generation = YES;
				INFOPLIST_KEY_UISupportedInterfaceOrientations_iPad = "UIInterfaceOrientationPortrait UIInterfaceOrientationPortraitUpsideDown UIInterfaceOrientationLandscapeLeft UIInterfaceOrientationLandscapeRight";
				INFOPLIST_KEY_UISupportedInterfaceOrientations_iPhone = "UIInterfaceOrientationPortrait UIInterfaceOrientationLandscapeLeft UIInterfaceOrientationLandscapeRight";
				LD_RUNPATH_SEARCH_PATHS = (
					"$(inherited)",
					"@executable_path/Frameworks",
				);
				MARKETING_VERSION = 1.0;
				PRODUCT_BUNDLE_IDENTIFIER = earningjoker430.EnvisionTech;
				PRODUCT_NAME = "$(TARGET_NAME)";
				SWIFT_EMIT_LOC_STRINGS = YES;
				SWIFT_VERSION = 5.0;
				TARGETED_DEVICE_FAMILY = "1,2";
			};
			name = Release;
		};
/* End XCBuildConfiguration section */

/* Begin XCConfigurationList section */
		D04B0BF92B15C2E40080965E /* Build configuration list for PBXProject "EnvisionTech" */ = {
			isa = XCConfigurationList;
			buildConfigurations = (
				D04B0C0A2B15C2E60080965E /* Debug */,
				D04B0C0B2B15C2E60080965E /* Release */,
			);
			defaultConfigurationIsVisible = 0;
			defaultConfigurationName = Release;
		};
		D04B0C0C2B15C2E60080965E /* Build configuration list for PBXNativeTarget "EnvisionTech" */ = {
			isa = XCConfigurationList;
			buildConfigurations = (
				D04B0C0D2B15C2E60080965E /* Debug */,
				D04B0C0E2B15C2E60080965E /* Release */,
			);
			defaultConfigurationIsVisible = 0;
			defaultConfigurationName = Release;
		};
/* End XCConfigurationList section */
	};
	rootObject = D04B0BF62B15C2E30080965E /* Project object */;
}
